<?xml version="1.0" encoding="utf-8"?>
<Project ToolsVersion="17.0" xmlns="http://schemas.microsoft.com/developer/msbuild/2003">
  <ItemGroup>
    <ClCompile Include="C:\Users\muham\Desktop\Nexus\lib\NexusModel\src\core\scalar_kernels.cpp">
      <Filter>Source Files</Filter>
    </ClCompile>
    <ClCompile Include="C:\Users\muham\Desktop\Nexus\lib\NexusModel\src\core\convolution.cpp">
      <Filter>Source Files</Filter>
    </ClCompile>
    <ClCompile Include="C:\Users\muham\Desktop\Nexus\lib\NexusModel\src\core\normalization.cpp">
      <Filter>Source Files</Filter>
    </ClCompile>
    <ClCompile Include="C:\Users\muham\Desktop\Nexus\lib\NexusModel\src\core\pooling.cpp">
      <Filter>Source Files</Filter>
    </ClCompile>
    <ClCompile Include="C:\Users\muham\Desktop\Nexus\lib\NexusModel\src\core\embedding.cpp">
      <Filter>Source Files</Filter>
    </ClCompile>
    <ClCompile Include="C:\Users\muham\Desktop\Nexus\lib\NexusModel\src\core\dropout.cpp">
      <Filter>Source Files</Filter>
    </ClCompile>
    <ClCompile Include="C:\Users\muham\Desktop\Nexus\lib\NexusModel\src\simd\simd_dispatch.cpp">
      <Filter>Source Files</Filter>
    </ClCompile>
    <ClCompile Include="C:\Users\muham\Desktop\Nexus\lib\NexusModel\src\simd\avx2_kernels.cpp">
      <Filter>Source Files</Filter>
    </ClCompile>
    <ClCompile Include="C:\Users\muham\Desktop\Nexus\lib\NexusModel\src\simd\avx2\linear.cpp">
      <Filter>Source Files</Filter>
    </ClCompile>
    <ClCompile Include="C:\Users\muham\Desktop\Nexus\lib\NexusModel\src\simd\avx2\normalization.cpp">
      <Filter>Source Files</Filter>
    </ClCompile>
  </ItemGroup>
  <ItemGroup>
    <CustomBuild Include="C:\Users\muham\Desktop\Nexus\lib\NexusModel\CMakeLists.txt" />
  </ItemGroup>
  <ItemGroup>
    <Filter Include="Source Files">
      <UniqueIdentifier>{AA904C0C-B96D-3D31-9B79-47EFFFD9042A}</UniqueIdentifier>
    </Filter>
  </ItemGroup>
</Project>
