<?xml version="1.0" encoding="utf-8"?>
<Project ToolsVersion="17.0" xmlns="http://schemas.microsoft.com/developer/msbuild/2003">
  <ItemGroup>
    <ClCompile Include="C:\Users\muham\Desktop\Nexus\lib\NexusModel\tests\test_kernels.cpp">
      <Filter>Source Files</Filter>
    </ClCompile>
  </ItemGroup>
  <ItemGroup>
    <CustomBuild Include="C:\Users\muham\Desktop\Nexus\lib\NexusModel\CMakeLists.txt" />
  </ItemGroup>
  <ItemGroup>
    <Filter Include="Source Files">
      <UniqueIdentifier>{9F01D308-8D57-337B-A338-E65AD0FAD6B5}</UniqueIdentifier>
    </Filter>
  </ItemGroup>
</Project>
