<?xml version="1.0" encoding="utf-8"?>
<Project ToolsVersion="17.0" xmlns="http://schemas.microsoft.com/developer/msbuild/2003">
  <ItemGroup>
    <CustomBuild Include="C:\Users\muham\Desktop\Nexus\lib\NexusModel\build-portable\CMakeFiles\26ef5ba4528fa89cb14ff150c31f13c3\generate.stamp.rule">
      <Filter>CMake Rules</Filter>
    </CustomBuild>
  </ItemGroup>
  <ItemGroup>
    <Filter Include="CMake Rules">
      <UniqueIdentifier>{8937709D-B7A5-3C61-A782-9047578A3845}</UniqueIdentifier>
    </Filter>
  </ItemGroup>
</Project>
