
Microsoft Visual Studio Solution File, Format Version 12.00
# Visual Studio Version 17
Project("{8BC9CEB8-8B4A-11D0-8D11-00A0C91BC942}") = "ALL_BUILD", "ALL_BUILD.vcxproj", "{9E0EC0DD-6B00-381B-A837-1BB878E0A287}"
	ProjectSection(ProjectDependencies) = postProject
		{B72B7F96-C3F4-396E-84B4-E61C2FB51A59} = {B72B7F96-C3F4-396E-84B4-E61C2FB51A59}
		{B7AA5525-5F50-38B9-8214-EBD5B3EF928F} = {B7AA5525-5F50-38B9-8214-EBD5B3EF928F}
		{A98C58DA-22B2-3CA0-988A-94EB9675A2B3} = {A98C58DA-22B2-3CA0-988A-94EB9675A2B3}
		{13280878-0792-39C4-901B-479ED66AA6E7} = {13280878-0792-39C4-901B-479ED66AA6E7}
		{931C96F4-C102-383C-965C-8E2A3204D2F6} = {931C96F4-C102-383C-965C-8E2A3204D2F6}
		{D8EF5F08-25E4-36E0-BEAC-F58C7E6D88B0} = {D8EF5F08-25E4-36E0-BEAC-F58C7E6D88B0}
	EndProjectSection
EndProject
Project("{8BC9CEB8-8B4A-11D0-8D11-00A0C91BC942}") = "Continuous", "Continuous.vcxproj", "{37E0BBE6-231F-3FF7-A17F-A5EA76A25BAF}"
	ProjectSection(ProjectDependencies) = postProject
		{B72B7F96-C3F4-396E-84B4-E61C2FB51A59} = {B72B7F96-C3F4-396E-84B4-E61C2FB51A59}
	EndProjectSection
EndProject
Project("{8BC9CEB8-8B4A-11D0-8D11-00A0C91BC942}") = "Experimental", "Experimental.vcxproj", "{EEA48F93-B759-312D-9D98-65D470F4D952}"
	ProjectSection(ProjectDependencies) = postProject
		{B72B7F96-C3F4-396E-84B4-E61C2FB51A59} = {B72B7F96-C3F4-396E-84B4-E61C2FB51A59}
	EndProjectSection
EndProject
Project("{8BC9CEB8-8B4A-11D0-8D11-00A0C91BC942}") = "INSTALL", "INSTALL.vcxproj", "{1444EDD7-3CF9-33EB-BC95-00106374069F}"
	ProjectSection(ProjectDependencies) = postProject
		{9E0EC0DD-6B00-381B-A837-1BB878E0A287} = {9E0EC0DD-6B00-381B-A837-1BB878E0A287}
		{B72B7F96-C3F4-396E-84B4-E61C2FB51A59} = {B72B7F96-C3F4-396E-84B4-E61C2FB51A59}
	EndProjectSection
EndProject
Project("{8BC9CEB8-8B4A-11D0-8D11-00A0C91BC942}") = "Nightly", "Nightly.vcxproj", "{B0A6401F-8C0C-37E6-A22C-7F7B40BA8529}"
	ProjectSection(ProjectDependencies) = postProject
		{B72B7F96-C3F4-396E-84B4-E61C2FB51A59} = {B72B7F96-C3F4-396E-84B4-E61C2FB51A59}
	EndProjectSection
EndProject
Project("{8BC9CEB8-8B4A-11D0-8D11-00A0C91BC942}") = "NightlyMemoryCheck", "NightlyMemoryCheck.vcxproj", "{8CCA414B-5C6F-3044-B822-28EE2596052E}"
	ProjectSection(ProjectDependencies) = postProject
		{B72B7F96-C3F4-396E-84B4-E61C2FB51A59} = {B72B7F96-C3F4-396E-84B4-E61C2FB51A59}
	EndProjectSection
EndProject
Project("{8BC9CEB8-8B4A-11D0-8D11-00A0C91BC942}") = "RUN_TESTS", "RUN_TESTS.vcxproj", "{B493EF59-47AC-3EBB-8F68-250EF281F212}"
	ProjectSection(ProjectDependencies) = postProject
		{B72B7F96-C3F4-396E-84B4-E61C2FB51A59} = {B72B7F96-C3F4-396E-84B4-E61C2FB51A59}
	EndProjectSection
EndProject
Project("{8BC9CEB8-8B4A-11D0-8D11-00A0C91BC942}") = "ZERO_CHECK", "ZERO_CHECK.vcxproj", "{B72B7F96-C3F4-396E-84B4-E61C2FB51A59}"
	ProjectSection(ProjectDependencies) = postProject
	EndProjectSection
EndProject
Project("{8BC9CEB8-8B4A-11D0-8D11-00A0C91BC942}") = "nd_audio_dec", "_deps\nexusdata\nd_audio_dec.vcxproj", "{B7AA5525-5F50-38B9-8214-EBD5B3EF928F}"
	ProjectSection(ProjectDependencies) = postProject
		{B72B7F96-C3F4-396E-84B4-E61C2FB51A59} = {B72B7F96-C3F4-396E-84B4-E61C2FB51A59}
	EndProjectSection
EndProject
Project("{8BC9CEB8-8B4A-11D0-8D11-00A0C91BC942}") = "nexus_model", "nexus_model.vcxproj", "{A98C58DA-22B2-3CA0-988A-94EB9675A2B3}"
	ProjectSection(ProjectDependencies) = postProject
		{B72B7F96-C3F4-396E-84B4-E61C2FB51A59} = {B72B7F96-C3F4-396E-84B4-E61C2FB51A59}
	EndProjectSection
EndProject
Project("{8BC9CEB8-8B4A-11D0-8D11-00A0C91BC942}") = "nexus_optim", "_deps\nexusoptim\nexus_optim.vcxproj", "{13280878-0792-39C4-901B-479ED66AA6E7}"
	ProjectSection(ProjectDependencies) = postProject
		{B72B7F96-C3F4-396E-84B4-E61C2FB51A59} = {B72B7F96-C3F4-396E-84B4-E61C2FB51A59}
	EndProjectSection
EndProject
Project("{8BC9CEB8-8B4A-11D0-8D11-00A0C91BC942}") = "nexusdata", "_deps\nexusdata\nexusdata.vcxproj", "{931C96F4-C102-383C-965C-8E2A3204D2F6}"
	ProjectSection(ProjectDependencies) = postProject
		{B72B7F96-C3F4-396E-84B4-E61C2FB51A59} = {B72B7F96-C3F4-396E-84B4-E61C2FB51A59}
		{B7AA5525-5F50-38B9-8214-EBD5B3EF928F} = {B7AA5525-5F50-38B9-8214-EBD5B3EF928F}
	EndProjectSection
EndProject
Project("{8BC9CEB8-8B4A-11D0-8D11-00A0C91BC942}") = "train_end_to_end", "train_end_to_end.vcxproj", "{D8EF5F08-25E4-36E0-BEAC-F58C7E6D88B0}"
	ProjectSection(ProjectDependencies) = postProject
		{B72B7F96-C3F4-396E-84B4-E61C2FB51A59} = {B72B7F96-C3F4-396E-84B4-E61C2FB51A59}
		{A98C58DA-22B2-3CA0-988A-94EB9675A2B3} = {A98C58DA-22B2-3CA0-988A-94EB9675A2B3}
		{13280878-0792-39C4-901B-479ED66AA6E7} = {13280878-0792-39C4-901B-479ED66AA6E7}
		{931C96F4-C102-383C-965C-8E2A3204D2F6} = {931C96F4-C102-383C-965C-8E2A3204D2F6}
	EndProjectSection
EndProject
Global
	GlobalSection(SolutionConfigurationPlatforms) = preSolution
		Debug|x64 = Debug|x64
		Release|x64 = Release|x64
		MinSizeRel|x64 = MinSizeRel|x64
		RelWithDebInfo|x64 = RelWithDebInfo|x64
	EndGlobalSection
	GlobalSection(ProjectConfigurationPlatforms) = postSolution
		{9E0EC0DD-6B00-381B-A837-1BB878E0A287}.Debug|x64.ActiveCfg = Debug|x64
		{9E0EC0DD-6B00-381B-A837-1BB878E0A287}.Debug|x64.Build.0 = Debug|x64
		{9E0EC0DD-6B00-381B-A837-1BB878E0A287}.Release|x64.ActiveCfg = Release|x64
		{9E0EC0DD-6B00-381B-A837-1BB878E0A287}.Release|x64.Build.0 = Release|x64
		{9E0EC0DD-6B00-381B-A837-1BB878E0A287}.MinSizeRel|x64.ActiveCfg = MinSizeRel|x64
		{9E0EC0DD-6B00-381B-A837-1BB878E0A287}.MinSizeRel|x64.Build.0 = MinSizeRel|x64
		{9E0EC0DD-6B00-381B-A837-1BB878E0A287}.RelWithDebInfo|x64.ActiveCfg = RelWithDebInfo|x64
		{9E0EC0DD-6B00-381B-A837-1BB878E0A287}.RelWithDebInfo|x64.Build.0 = RelWithDebInfo|x64
		{37E0BBE6-231F-3FF7-A17F-A5EA76A25BAF}.Debug|x64.ActiveCfg = Debug|x64
		{37E0BBE6-231F-3FF7-A17F-A5EA76A25BAF}.Release|x64.ActiveCfg = Release|x64
		{37E0BBE6-231F-3FF7-A17F-A5EA76A25BAF}.MinSizeRel|x64.ActiveCfg = MinSizeRel|x64
		{37E0BBE6-231F-3FF7-A17F-A5EA76A25BAF}.RelWithDebInfo|x64.ActiveCfg = RelWithDebInfo|x64
		{EEA48F93-B759-312D-9D98-65D470F4D952}.Debug|x64.ActiveCfg = Debug|x64
		{EEA48F93-B759-312D-9D98-65D470F4D952}.Release|x64.ActiveCfg = Release|x64
		{EEA48F93-B759-312D-9D98-65D470F4D952}.MinSizeRel|x64.ActiveCfg = MinSizeRel|x64
		{EEA48F93-B759-312D-9D98-65D470F4D952}.RelWithDebInfo|x64.ActiveCfg = RelWithDebInfo|x64
		{1444EDD7-3CF9-33EB-BC95-00106374069F}.Debug|x64.ActiveCfg = Debug|x64
		{1444EDD7-3CF9-33EB-BC95-00106374069F}.Release|x64.ActiveCfg = Release|x64
		{1444EDD7-3CF9-33EB-BC95-00106374069F}.MinSizeRel|x64.ActiveCfg = MinSizeRel|x64
		{1444EDD7-3CF9-33EB-BC95-00106374069F}.RelWithDebInfo|x64.ActiveCfg = RelWithDebInfo|x64
		{B0A6401F-8C0C-37E6-A22C-7F7B40BA8529}.Debug|x64.ActiveCfg = Debug|x64
		{B0A6401F-8C0C-37E6-A22C-7F7B40BA8529}.Release|x64.ActiveCfg = Release|x64
		{B0A6401F-8C0C-37E6-A22C-7F7B40BA8529}.MinSizeRel|x64.ActiveCfg = MinSizeRel|x64
		{B0A6401F-8C0C-37E6-A22C-7F7B40BA8529}.RelWithDebInfo|x64.ActiveCfg = RelWithDebInfo|x64
		{8CCA414B-5C6F-3044-B822-28EE2596052E}.Debug|x64.ActiveCfg = Debug|x64
		{8CCA414B-5C6F-3044-B822-28EE2596052E}.Release|x64.ActiveCfg = Release|x64
		{8CCA414B-5C6F-3044-B822-28EE2596052E}.MinSizeRel|x64.ActiveCfg = MinSizeRel|x64
		{8CCA414B-5C6F-3044-B822-28EE2596052E}.RelWithDebInfo|x64.ActiveCfg = RelWithDebInfo|x64
		{B493EF59-47AC-3EBB-8F68-250EF281F212}.Debug|x64.ActiveCfg = Debug|x64
		{B493EF59-47AC-3EBB-8F68-250EF281F212}.Release|x64.ActiveCfg = Release|x64
		{B493EF59-47AC-3EBB-8F68-250EF281F212}.MinSizeRel|x64.ActiveCfg = MinSizeRel|x64
		{B493EF59-47AC-3EBB-8F68-250EF281F212}.RelWithDebInfo|x64.ActiveCfg = RelWithDebInfo|x64
		{B72B7F96-C3F4-396E-84B4-E61C2FB51A59}.Debug|x64.ActiveCfg = Debug|x64
		{B72B7F96-C3F4-396E-84B4-E61C2FB51A59}.Debug|x64.Build.0 = Debug|x64
		{B72B7F96-C3F4-396E-84B4-E61C2FB51A59}.Release|x64.ActiveCfg = Release|x64
		{B72B7F96-C3F4-396E-84B4-E61C2FB51A59}.Release|x64.Build.0 = Release|x64
		{B72B7F96-C3F4-396E-84B4-E61C2FB51A59}.MinSizeRel|x64.ActiveCfg = MinSizeRel|x64
		{B72B7F96-C3F4-396E-84B4-E61C2FB51A59}.MinSizeRel|x64.Build.0 = MinSizeRel|x64
		{B72B7F96-C3F4-396E-84B4-E61C2FB51A59}.RelWithDebInfo|x64.ActiveCfg = RelWithDebInfo|x64
		{B72B7F96-C3F4-396E-84B4-E61C2FB51A59}.RelWithDebInfo|x64.Build.0 = RelWithDebInfo|x64
		{B7AA5525-5F50-38B9-8214-EBD5B3EF928F}.Debug|x64.ActiveCfg = Debug|x64
		{B7AA5525-5F50-38B9-8214-EBD5B3EF928F}.Debug|x64.Build.0 = Debug|x64
		{B7AA5525-5F50-38B9-8214-EBD5B3EF928F}.Release|x64.ActiveCfg = Release|x64
		{B7AA5525-5F50-38B9-8214-EBD5B3EF928F}.Release|x64.Build.0 = Release|x64
		{B7AA5525-5F50-38B9-8214-EBD5B3EF928F}.MinSizeRel|x64.ActiveCfg = MinSizeRel|x64
		{B7AA5525-5F50-38B9-8214-EBD5B3EF928F}.MinSizeRel|x64.Build.0 = MinSizeRel|x64
		{B7AA5525-5F50-38B9-8214-EBD5B3EF928F}.RelWithDebInfo|x64.ActiveCfg = RelWithDebInfo|x64
		{B7AA5525-5F50-38B9-8214-EBD5B3EF928F}.RelWithDebInfo|x64.Build.0 = RelWithDebInfo|x64
		{A98C58DA-22B2-3CA0-988A-94EB9675A2B3}.Debug|x64.ActiveCfg = Debug|x64
		{A98C58DA-22B2-3CA0-988A-94EB9675A2B3}.Debug|x64.Build.0 = Debug|x64
		{A98C58DA-22B2-3CA0-988A-94EB9675A2B3}.Release|x64.ActiveCfg = Release|x64
		{A98C58DA-22B2-3CA0-988A-94EB9675A2B3}.Release|x64.Build.0 = Release|x64
		{A98C58DA-22B2-3CA0-988A-94EB9675A2B3}.MinSizeRel|x64.ActiveCfg = MinSizeRel|x64
		{A98C58DA-22B2-3CA0-988A-94EB9675A2B3}.MinSizeRel|x64.Build.0 = MinSizeRel|x64
		{A98C58DA-22B2-3CA0-988A-94EB9675A2B3}.RelWithDebInfo|x64.ActiveCfg = RelWithDebInfo|x64
		{A98C58DA-22B2-3CA0-988A-94EB9675A2B3}.RelWithDebInfo|x64.Build.0 = RelWithDebInfo|x64
		{13280878-0792-39C4-901B-479ED66AA6E7}.Debug|x64.ActiveCfg = Debug|x64
		{13280878-0792-39C4-901B-479ED66AA6E7}.Debug|x64.Build.0 = Debug|x64
		{13280878-0792-39C4-901B-479ED66AA6E7}.Release|x64.ActiveCfg = Release|x64
		{13280878-0792-39C4-901B-479ED66AA6E7}.Release|x64.Build.0 = Release|x64
		{13280878-0792-39C4-901B-479ED66AA6E7}.MinSizeRel|x64.ActiveCfg = MinSizeRel|x64
		{13280878-0792-39C4-901B-479ED66AA6E7}.MinSizeRel|x64.Build.0 = MinSizeRel|x64
		{13280878-0792-39C4-901B-479ED66AA6E7}.RelWithDebInfo|x64.ActiveCfg = RelWithDebInfo|x64
		{13280878-0792-39C4-901B-479ED66AA6E7}.RelWithDebInfo|x64.Build.0 = RelWithDebInfo|x64
		{931C96F4-C102-383C-965C-8E2A3204D2F6}.Debug|x64.ActiveCfg = Debug|x64
		{931C96F4-C102-383C-965C-8E2A3204D2F6}.Debug|x64.Build.0 = Debug|x64
		{931C96F4-C102-383C-965C-8E2A3204D2F6}.Release|x64.ActiveCfg = Release|x64
		{931C96F4-C102-383C-965C-8E2A3204D2F6}.Release|x64.Build.0 = Release|x64
		{931C96F4-C102-383C-965C-8E2A3204D2F6}.MinSizeRel|x64.ActiveCfg = MinSizeRel|x64
		{931C96F4-C102-383C-965C-8E2A3204D2F6}.MinSizeRel|x64.Build.0 = MinSizeRel|x64
		{931C96F4-C102-383C-965C-8E2A3204D2F6}.RelWithDebInfo|x64.ActiveCfg = RelWithDebInfo|x64
		{931C96F4-C102-383C-965C-8E2A3204D2F6}.RelWithDebInfo|x64.Build.0 = RelWithDebInfo|x64
		{D8EF5F08-25E4-36E0-BEAC-F58C7E6D88B0}.Debug|x64.ActiveCfg = Debug|x64
		{D8EF5F08-25E4-36E0-BEAC-F58C7E6D88B0}.Debug|x64.Build.0 = Debug|x64
		{D8EF5F08-25E4-36E0-BEAC-F58C7E6D88B0}.Release|x64.ActiveCfg = Release|x64
		{D8EF5F08-25E4-36E0-BEAC-F58C7E6D88B0}.Release|x64.Build.0 = Release|x64
		{D8EF5F08-25E4-36E0-BEAC-F58C7E6D88B0}.MinSizeRel|x64.ActiveCfg = MinSizeRel|x64
		{D8EF5F08-25E4-36E0-BEAC-F58C7E6D88B0}.MinSizeRel|x64.Build.0 = MinSizeRel|x64
		{D8EF5F08-25E4-36E0-BEAC-F58C7E6D88B0}.RelWithDebInfo|x64.ActiveCfg = RelWithDebInfo|x64
		{D8EF5F08-25E4-36E0-BEAC-F58C7E6D88B0}.RelWithDebInfo|x64.Build.0 = RelWithDebInfo|x64
	EndGlobalSection
	GlobalSection(ExtensibilityGlobals) = postSolution
		SolutionGuid = {DA25537C-C11A-3172-85A5-EE1048F9906B}
	EndGlobalSection
	GlobalSection(ExtensibilityAddIns) = postSolution
	EndGlobalSection
EndGlobal
