<?xml version="1.0" encoding="utf-8"?>
<Project ToolsVersion="17.0" xmlns="http://schemas.microsoft.com/developer/msbuild/2003">
  <ItemGroup>
    <ClCompile Include="C:\Users\muham\Desktop\Nexus\lib\NexusModel\src\core\scalar_kernels.cpp">
      <Filter>Source Files</Filter>
    </ClCompile>
    <ClCompile Include="C:\Users\muham\Desktop\Nexus\lib\NexusModel\src\core\kernels_nn.cpp">
      <Filter>Source Files</Filter>
    </ClCompile>
    <ClCompile Include="C:\Users\muham\Desktop\Nexus\lib\NexusModel\src\simd\simd_dispatch.cpp">
      <Filter>Source Files</Filter>
    </ClCompile>
    <ClCompile Include="C:\Users\muham\Desktop\Nexus\lib\NexusModel\src\simd\avx2_kernels.cpp">
      <Filter>Source Files</Filter>
    </ClCompile>
    <ClCompile Include="C:\Users\muham\Desktop\Nexus\lib\NexusModel\src\simd\avx512_kernels.cpp">
      <Filter>Source Files</Filter>
    </ClCompile>
  </ItemGroup>
  <ItemGroup>
    <CustomBuild Include="C:\Users\muham\Desktop\Nexus\lib\NexusModel\CMakeLists.txt" />
  </ItemGroup>
  <ItemGroup>
    <Filter Include="Source Files">
      <UniqueIdentifier>{A8F65700-68FD-36BE-A7B8-647D83FA792A}</UniqueIdentifier>
    </Filter>
  </ItemGroup>
</Project>
